
Microsoft Visual Studio Solution File, Format Version 12.00
# Visual Studio Version 17
VisualStudioVersion = 17.5.002.0
MinimumVisualStudioVersion = 10.0.40219.1
Project("{9A19103F-16F7-4668-BE54-9A1E7A4F7556}") = "xyz - Backup", "xyz - Backup.csproj", "{9249E873-C0A7-4FB0-A31B-9F615DDF06FF}"
EndProject
Project("{9A19103F-16F7-4668-BE54-9A1E7A4F7556}") = "xyz", "xyz.csproj", "{9B15592D-F8B3-4912-A49D-809451BF8215}"
EndProject
Global
	GlobalSection(SolutionConfigurationPlatforms) = preSolution
		Debug|Any CPU = Debug|Any CPU
		Release|Any CPU = Release|Any CPU
	EndGlobalSection
	GlobalSection(ProjectConfigurationPlatforms) = postSolution
		{9249E873-C0A7-4FB0-A31B-9F615DDF06FF}.Debug|Any CPU.ActiveCfg = Debug|Any CPU
		{9249E873-C0A7-4FB0-A31B-9F615DDF06FF}.Debug|Any CPU.Build.0 = Debug|Any CPU
		{9249E873-C0A7-4FB0-A31B-9F615DDF06FF}.Release|Any CPU.ActiveCfg = Release|Any CPU
		{9249E873-C0A7-4FB0-A31B-9F615DDF06FF}.Release|Any CPU.Build.0 = Release|Any CPU
		{9B15592D-F8B3-4912-A49D-809451BF8215}.Debug|Any CPU.ActiveCfg = Debug|Any CPU
		{9B15592D-F8B3-4912-A49D-809451BF8215}.Debug|Any CPU.Build.0 = Debug|Any CPU
		{9B15592D-F8B3-4912-A49D-809451BF8215}.Release|Any CPU.ActiveCfg = Release|Any CPU
		{9B15592D-F8B3-4912-A49D-809451BF8215}.Release|Any CPU.Build.0 = Release|Any CPU
	EndGlobalSection
	GlobalSection(SolutionProperties) = preSolution
		HideSolutionNode = FALSE
	EndGlobalSection
	GlobalSection(ExtensibilityGlobals) = postSolution
		SolutionGuid = {449FA71D-04BE-473E-9FA6-01D73543B4F7}
	EndGlobalSection
EndGlobal
