
Microsoft Visual Studio Solution File, Format Version 12.00
# Visual Studio Version 17
VisualStudioVersion = 17.5.002.0
MinimumVisualStudioVersion = 10.0.40219.1
Project("{9A19103F-16F7-4668-BE54-9A1E7A4F7556}") = "xyz_keygen", "xyz_keygen.csproj", "{A2161C8F-07A1-4790-9177-43B965515024}"
EndProject
Global
	GlobalSection(SolutionConfigurationPlatforms) = preSolution
		Debug|Any CPU = Debug|Any CPU
		Release|Any CPU = Release|Any CPU
	EndGlobalSection
	GlobalSection(ProjectConfigurationPlatforms) = postSolution
		{A2161C8F-07A1-4790-9177-43B965515024}.Debug|Any CPU.ActiveCfg = Debug|Any CPU
		{A2161C8F-07A1-4790-9177-43B965515024}.Debug|Any CPU.Build.0 = Debug|Any CPU
		{A2161C8F-07A1-4790-9177-43B965515024}.Release|Any CPU.ActiveCfg = Release|Any CPU
		{A2161C8F-07A1-4790-9177-43B965515024}.Release|Any CPU.Build.0 = Release|Any CPU
	EndGlobalSection
	GlobalSection(SolutionProperties) = preSolution
		HideSolutionNode = FALSE
	EndGlobalSection
	GlobalSection(ExtensibilityGlobals) = postSolution
		SolutionGuid = {67FB3722-20E5-4129-89A8-404E938292E0}
	EndGlobalSection
EndGlobal
